// !$*UTF8*$!
{
	archiveVersion = 1;
	classes = {
	};
	objectVersion = 46;
	objects = {

/* Begin PBXBuildFile section */
		801976861AEA0AAA00FE8220 /* LinkedDictionary.swift in Sources */ = {isa = PBXBuildFile; fileRef = 801976851AEA0AAA00FE8220 /* LinkedDictionary.swift */; };
		80228F651AE36AF400B9D0AC /* Realm.framework in Frameworks */ = {isa = PBXBuildFile; fileRef = 80228F641AE36AF400B9D0AC /* Realm.framework */; };
		80228F671AE36B4A00B9D0AC /* libc++.dylib in Frameworks */ = {isa = PBXBuildFile; fileRef = 80228F661AE36B4A00B9D0AC /* libc++.dylib */; };
		80228F691AE36B7D00B9D0AC /* RLMSupport.swift in Sources */ = {isa = PBXBuildFile; fileRef = 80228F681AE36B7D00B9D0AC /* RLMSupport.swift */; };
		80228F6B1AE36E4000B9D0AC /* Models.swift in Sources */ = {isa = PBXBuildFile; fileRef = 80228F6A1AE36E4000B9D0AC /* Models.swift */; };
		802CC3971ACA538B00465D88 /* Cells.swift in Sources */ = {isa = PBXBuildFile; fileRef = 802CC3961ACA538B00465D88 /* Cells.swift */; };
		802CC3991ACE606100465D88 /* Animations.swift in Sources */ = {isa = PBXBuildFile; fileRef = 802CC3981ACE606100465D88 /* Animations.swift */; };
		802CC39B1ACE66BC00465D88 /* ConstrainedViews.swift in Sources */ = {isa = PBXBuildFile; fileRef = 802CC39A1ACE66BC00465D88 /* ConstrainedViews.swift */; };
		802CC3B11ACE887C00465D88 /* clear.png in Resources */ = {isa = PBXBuildFile; fileRef = 802CC3B01ACE887C00465D88 /* clear.png */; };
		8038B8241ADB999500FC9515 /* AppKV.swift in Sources */ = {isa = PBXBuildFile; fileRef = 8038B8231ADB999500FC9515 /* AppKV.swift */; };
		803C20301AC7F3CF00A715A7 /* CenterViewCell.swift in Sources */ = {isa = PBXBuildFile; fileRef = 803C202F1AC7F3CF00A715A7 /* CenterViewCell.swift */; };
		806CB2951AF9CF1100923A65 /* defaultProfile.png in Resources */ = {isa = PBXBuildFile; fileRef = 806CB2941AF9CF1100923A65 /* defaultProfile.png */; };
		806CB2971AF9D08000923A65 /* defaultProfile2.png in Resources */ = {isa = PBXBuildFile; fileRef = 806CB2961AF9D08000923A65 /* defaultProfile2.png */; };
		809714E61AF28D9C00D313BD /* MultipleChoiceView.swift in Sources */ = {isa = PBXBuildFile; fileRef = 809714E51AF28D9C00D313BD /* MultipleChoiceView.swift */; };
		809714E81AF5A4ED00D313BD /* PhotoController.swift in Sources */ = {isa = PBXBuildFile; fileRef = 809714E71AF5A4ED00D313BD /* PhotoController.swift */; };
		80CC30C51AECC38900DFA988 /* Extensions.swift in Sources */ = {isa = PBXBuildFile; fileRef = 80CC30C41AECC38900DFA988 /* Extensions.swift */; };
		80D11DBC1B01DAF600DE6B1C /* menu.png in Resources */ = {isa = PBXBuildFile; fileRef = 80D11DB91B01DAF600DE6B1C /* menu.png */; };
		80D11DBD1B01DAF600DE6B1C /* search.png in Resources */ = {isa = PBXBuildFile; fileRef = 80D11DBA1B01DAF600DE6B1C /* search.png */; };
		80D11DBE1B01DAF600DE6B1C /* search2.png in Resources */ = {isa = PBXBuildFile; fileRef = 80D11DBB1B01DAF600DE6B1C /* search2.png */; };
		80D11DC01B01DDB500DE6B1C /* FBSDKLoginKit.framework in Frameworks */ = {isa = PBXBuildFile; fileRef = 80D11DBF1B01DDB500DE6B1C /* FBSDKLoginKit.framework */; };
		80D669BC1ABEB06900D8B8CE /* AppDelegate.swift in Sources */ = {isa = PBXBuildFile; fileRef = 80D669BB1ABEB06900D8B8CE /* AppDelegate.swift */; };
		80D669BF1ABEB06900D8B8CE /* referralio.xcdatamodeld in Sources */ = {isa = PBXBuildFile; fileRef = 80D669BD1ABEB06900D8B8CE /* referralio.xcdatamodeld */; };
		80D669C11ABEB06900D8B8CE /* ViewController.swift in Sources */ = {isa = PBXBuildFile; fileRef = 80D669C01ABEB06900D8B8CE /* ViewController.swift */; };
		80D669C61ABEB06900D8B8CE /* Images.xcassets in Resources */ = {isa = PBXBuildFile; fileRef = 80D669C51ABEB06900D8B8CE /* Images.xcassets */; };
		80D669C91ABEB06900D8B8CE /* LaunchScreen.xib in Resources */ = {isa = PBXBuildFile; fileRef = 80D669C71ABEB06900D8B8CE /* LaunchScreen.xib */; };
		80D669D51ABEB06900D8B8CE /* referralioTests.swift in Sources */ = {isa = PBXBuildFile; fileRef = 80D669D41ABEB06900D8B8CE /* referralioTests.swift */; };
		80D669E41AC2969F00D8B8CE /* CenterViewController.swift in Sources */ = {isa = PBXBuildFile; fileRef = 80D669E31AC2969F00D8B8CE /* CenterViewController.swift */; };
		80D669E61AC2981E00D8B8CE /* MenuViewController.swift in Sources */ = {isa = PBXBuildFile; fileRef = 80D669E51AC2981E00D8B8CE /* MenuViewController.swift */; };
		80D669E81AC482D700D8B8CE /* LoginViewController.swift in Sources */ = {isa = PBXBuildFile; fileRef = 80D669E71AC482D700D8B8CE /* LoginViewController.swift */; };
		80D669EA1AC547B400D8B8CE /* AppColors.swift in Sources */ = {isa = PBXBuildFile; fileRef = 80D669E91AC547B400D8B8CE /* AppColors.swift */; };
		80E17DC31B0024D600CCE800 /* DoneBar.swift in Sources */ = {isa = PBXBuildFile; fileRef = 80E17DC21B0024D600CCE800 /* DoneBar.swift */; };
		80E17DC71B01C85800CCE800 /* FBSDKCoreKit.framework in Frameworks */ = {isa = PBXBuildFile; fileRef = 80E17DC61B01C85800CCE800 /* FBSDKCoreKit.framework */; };
		80E8221A1AD3068600D85EF7 /* ProfileViewController.swift in Sources */ = {isa = PBXBuildFile; fileRef = 80E822191AD3068600D85EF7 /* ProfileViewController.swift */; };
		80E8221C1ADB597000D85EF7 /* AppButtons.swift in Sources */ = {isa = PBXBuildFile; fileRef = 80E8221B1ADB597000D85EF7 /* AppButtons.swift */; };
		80F9AA691B0C2FF80033BF51 /* ReferralViewController.swift in Sources */ = {isa = PBXBuildFile; fileRef = 80F9AA681B0C2FF80033BF51 /* ReferralViewController.swift */; };
		80F9AA6B1B0DBCDE0033BF51 /* AppFonts.swift in Sources */ = {isa = PBXBuildFile; fileRef = 80F9AA6A1B0DBCDE0033BF51 /* AppFonts.swift */; };
		80F9AA6D1B0F99FA0033BF51 /* AppPaddings.swift in Sources */ = {isa = PBXBuildFile; fileRef = 80F9AA6C1B0F99FA0033BF51 /* AppPaddings.swift */; };
		80F9AA6F1B0F9DD90033BF51 /* FriendsViewController.swift in Sources */ = {isa = PBXBuildFile; fileRef = 80F9AA6E1B0F9DD90033BF51 /* FriendsViewController.swift */; };
		80F9AA711B0FA14B0033BF51 /* PreviewViewController.swift in Sources */ = {isa = PBXBuildFile; fileRef = 80F9AA701B0FA14B0033BF51 /* PreviewViewController.swift */; };
/* End PBXBuildFile section */

/* Begin PBXContainerItemProxy section */
		80D669CF1ABEB06900D8B8CE /* PBXContainerItemProxy */ = {
			isa = PBXContainerItemProxy;
			containerPortal = 80D669AE1ABEB06900D8B8CE /* Project object */;
			proxyType = 1;
			remoteGlobalIDString = 80D669B51ABEB06900D8B8CE;
			remoteInfo = referralio;
		};
/* End PBXContainerItemProxy section */

/* Begin PBXFileReference section */
		801976851AEA0AAA00FE8220 /* LinkedDictionary.swift */ = {isa = PBXFileReference; fileEncoding = 4; lastKnownFileType = sourcecode.swift; path = LinkedDictionary.swift; sourceTree = "<group>"; };
		80228F641AE36AF400B9D0AC /* Realm.framework */ = {isa = PBXFileReference; lastKnownFileType = wrapper.framework; path = Realm.framework; sourceTree = "<group>"; };
		80228F661AE36B4A00B9D0AC /* libc++.dylib */ = {isa = PBXFileReference; lastKnownFileType = "compiled.mach-o.dylib"; name = "libc++.dylib"; path = "usr/lib/libc++.dylib"; sourceTree = SDKROOT; };
		80228F681AE36B7D00B9D0AC /* RLMSupport.swift */ = {isa = PBXFileReference; fileEncoding = 4; lastKnownFileType = sourcecode.swift; path = RLMSupport.swift; sourceTree = "<group>"; };
		80228F6A1AE36E4000B9D0AC /* Models.swift */ = {isa = PBXFileReference; fileEncoding = 4; lastKnownFileType = sourcecode.swift; path = Models.swift; sourceTree = "<group>"; };
		802CC3961ACA538B00465D88 /* Cells.swift */ = {isa = PBXFileReference; fileEncoding = 4; lastKnownFileType = sourcecode.swift; path = Cells.swift; sourceTree = "<group>"; };
		802CC3981ACE606100465D88 /* Animations.swift */ = {isa = PBXFileReference; fileEncoding = 4; lastKnownFileType = sourcecode.swift; path = Animations.swift; sourceTree = "<group>"; };
		802CC39A1ACE66BC00465D88 /* ConstrainedViews.swift */ = {isa = PBXFileReference; fileEncoding = 4; lastKnownFileType = sourcecode.swift; path = ConstrainedViews.swift; sourceTree = "<group>"; };
		802CC3B01ACE887C00465D88 /* clear.png */ = {isa = PBXFileReference; lastKnownFileType = image.png; path = clear.png; sourceTree = "<group>"; };
		8038B8231ADB999500FC9515 /* AppKV.swift */ = {isa = PBXFileReference; fileEncoding = 4; lastKnownFileType = sourcecode.swift; path = AppKV.swift; sourceTree = "<group>"; };
		803C202F1AC7F3CF00A715A7 /* CenterViewCell.swift */ = {isa = PBXFileReference; fileEncoding = 4; lastKnownFileType = sourcecode.swift; name = CenterViewCell.swift; path = ../CenterViewCell.swift; sourceTree = "<group>"; };
		806CB2941AF9CF1100923A65 /* defaultProfile.png */ = {isa = PBXFileReference; lastKnownFileType = image.png; path = defaultProfile.png; sourceTree = "<group>"; };
		806CB2961AF9D08000923A65 /* defaultProfile2.png */ = {isa = PBXFileReference; lastKnownFileType = image.png; path = defaultProfile2.png; sourceTree = "<group>"; };
		809714E51AF28D9C00D313BD /* MultipleChoiceView.swift */ = {isa = PBXFileReference; fileEncoding = 4; lastKnownFileType = sourcecode.swift; path = MultipleChoiceView.swift; sourceTree = "<group>"; };
		809714E71AF5A4ED00D313BD /* PhotoController.swift */ = {isa = PBXFileReference; fileEncoding = 4; lastKnownFileType = sourcecode.swift; path = PhotoController.swift; sourceTree = "<group>"; };
		80CC30C41AECC38900DFA988 /* Extensions.swift */ = {isa = PBXFileReference; fileEncoding = 4; lastKnownFileType = sourcecode.swift; path = Extensions.swift; sourceTree = "<group>"; };
		80D11DB91B01DAF600DE6B1C /* menu.png */ = {isa = PBXFileReference; lastKnownFileType = image.png; path = menu.png; sourceTree = "<group>"; };
		80D11DBA1B01DAF600DE6B1C /* search.png */ = {isa = PBXFileReference; lastKnownFileType = image.png; path = search.png; sourceTree = "<group>"; };
		80D11DBB1B01DAF600DE6B1C /* search2.png */ = {isa = PBXFileReference; lastKnownFileType = image.png; path = search2.png; sourceTree = "<group>"; };
		80D11DBF1B01DDB500DE6B1C /* FBSDKLoginKit.framework */ = {isa = PBXFileReference; lastKnownFileType = wrapper.framework; name = FBSDKLoginKit.framework; path = ../../FacebookSDK/FBSDKLoginKit.framework; sourceTree = "<group>"; };
		80D669B61ABEB06900D8B8CE /* referralio.app */ = {isa = PBXFileReference; explicitFileType = wrapper.application; includeInIndex = 0; path = referralio.app; sourceTree = BUILT_PRODUCTS_DIR; };
		80D669BA1ABEB06900D8B8CE /* Info.plist */ = {isa = PBXFileReference; lastKnownFileType = text.plist.xml; path = Info.plist; sourceTree = "<group>"; };
		80D669BB1ABEB06900D8B8CE /* AppDelegate.swift */ = {isa = PBXFileReference; lastKnownFileType = sourcecode.swift; path = AppDelegate.swift; sourceTree = "<group>"; };
		80D669BE1ABEB06900D8B8CE /* referralio.xcdatamodel */ = {isa = PBXFileReference; lastKnownFileType = wrapper.xcdatamodel; path = referralio.xcdatamodel; sourceTree = "<group>"; };
		80D669C01ABEB06900D8B8CE /* ViewController.swift */ = {isa = PBXFileReference; lastKnownFileType = sourcecode.swift; path = ViewController.swift; sourceTree = "<group>"; };
		80D669C51ABEB06900D8B8CE /* Images.xcassets */ = {isa = PBXFileReference; lastKnownFileType = folder.assetcatalog; path = Images.xcassets; sourceTree = "<group>"; };
		80D669C81ABEB06900D8B8CE /* Base */ = {isa = PBXFileReference; lastKnownFileType = file.xib; name = Base; path = Base.lproj/LaunchScreen.xib; sourceTree = "<group>"; };
		80D669CE1ABEB06900D8B8CE /* referralioTests.xctest */ = {isa = PBXFileReference; explicitFileType = wrapper.cfbundle; includeInIndex = 0; path = referralioTests.xctest; sourceTree = BUILT_PRODUCTS_DIR; };
		80D669D31ABEB06900D8B8CE /* Info.plist */ = {isa = PBXFileReference; lastKnownFileType = text.plist.xml; path = Info.plist; sourceTree = "<group>"; };
		80D669D41ABEB06900D8B8CE /* referralioTests.swift */ = {isa = PBXFileReference; lastKnownFileType = sourcecode.swift; path = referralioTests.swift; sourceTree = "<group>"; };
		80D669E31AC2969F00D8B8CE /* CenterViewController.swift */ = {isa = PBXFileReference; fileEncoding = 4; lastKnownFileType = sourcecode.swift; path = CenterViewController.swift; sourceTree = "<group>"; };
		80D669E51AC2981E00D8B8CE /* MenuViewController.swift */ = {isa = PBXFileReference; fileEncoding = 4; lastKnownFileType = sourcecode.swift; path = MenuViewController.swift; sourceTree = "<group>"; };
		80D669E71AC482D700D8B8CE /* LoginViewController.swift */ = {isa = PBXFileReference; fileEncoding = 4; lastKnownFileType = sourcecode.swift; path = LoginViewController.swift; sourceTree = "<group>"; };
		80D669E91AC547B400D8B8CE /* AppColors.swift */ = {isa = PBXFileReference; fileEncoding = 4; lastKnownFileType = sourcecode.swift; path = AppColors.swift; sourceTree = "<group>"; };
		80E17DC21B0024D600CCE800 /* DoneBar.swift */ = {isa = PBXFileReference; fileEncoding = 4; lastKnownFileType = sourcecode.swift; path = DoneBar.swift; sourceTree = "<group>"; };
		80E17DC61B01C85800CCE800 /* FBSDKCoreKit.framework */ = {isa = PBXFileReference; lastKnownFileType = wrapper.framework; name = FBSDKCoreKit.framework; path = ../../FacebookSDK/FBSDKCoreKit.framework; sourceTree = "<group>"; };
		80E822191AD3068600D85EF7 /* ProfileViewController.swift */ = {isa = PBXFileReference; fileEncoding = 4; lastKnownFileType = sourcecode.swift; path = ProfileViewController.swift; sourceTree = "<group>"; };
		80E8221B1ADB597000D85EF7 /* AppButtons.swift */ = {isa = PBXFileReference; fileEncoding = 4; lastKnownFileType = sourcecode.swift; path = AppButtons.swift; sourceTree = "<group>"; };
		80F9AA681B0C2FF80033BF51 /* ReferralViewController.swift */ = {isa = PBXFileReference; fileEncoding = 4; lastKnownFileType = sourcecode.swift; path = ReferralViewController.swift; sourceTree = "<group>"; };
		80F9AA6A1B0DBCDE0033BF51 /* AppFonts.swift */ = {isa = PBXFileReference; fileEncoding = 4; lastKnownFileType = sourcecode.swift; path = AppFonts.swift; sourceTree = "<group>"; };
		80F9AA6C1B0F99FA0033BF51 /* AppPaddings.swift */ = {isa = PBXFileReference; fileEncoding = 4; lastKnownFileType = sourcecode.swift; path = AppPaddings.swift; sourceTree = "<group>"; };
		80F9AA6E1B0F9DD90033BF51 /* FriendsViewController.swift */ = {isa = PBXFileReference; fileEncoding = 4; lastKnownFileType = sourcecode.swift; path = FriendsViewController.swift; sourceTree = "<group>"; };
		80F9AA701B0FA14B0033BF51 /* PreviewViewController.swift */ = {isa = PBXFileReference; fileEncoding = 4; lastKnownFileType = sourcecode.swift; path = PreviewViewController.swift; sourceTree = "<group>"; };
/* End PBXFileReference section */

/* Begin PBXFrameworksBuildPhase section */
		80D669B31ABEB06900D8B8CE /* Frameworks */ = {
			isa = PBXFrameworksBuildPhase;
			buildActionMask = 2147483647;
			files = (
				80228F671AE36B4A00B9D0AC /* libc++.dylib in Frameworks */,
				80E17DC71B01C85800CCE800 /* FBSDKCoreKit.framework in Frameworks */,
				80D11DC01B01DDB500DE6B1C /* FBSDKLoginKit.framework in Frameworks */,
				80228F651AE36AF400B9D0AC /* Realm.framework in Frameworks */,
			);
			runOnlyForDeploymentPostprocessing = 0;
		};
		80D669CB1ABEB06900D8B8CE /* Frameworks */ = {
			isa = PBXFrameworksBuildPhase;
			buildActionMask = 2147483647;
			files = (
			);
			runOnlyForDeploymentPostprocessing = 0;
		};
/* End PBXFrameworksBuildPhase section */

/* Begin PBXGroup section */
		80D669AD1ABEB06900D8B8CE = {
			isa = PBXGroup;
			children = (
				80228F661AE36B4A00B9D0AC /* libc++.dylib */,
				80228F681AE36B7D00B9D0AC /* RLMSupport.swift */,
				80E17DC61B01C85800CCE800 /* FBSDKCoreKit.framework */,
				80D11DBF1B01DDB500DE6B1C /* FBSDKLoginKit.framework */,
				80228F641AE36AF400B9D0AC /* Realm.framework */,
				80D669B81ABEB06900D8B8CE /* referralio */,
				80D669D11ABEB06900D8B8CE /* referralioTests */,
				80D669B71ABEB06900D8B8CE /* Products */,
			);
			sourceTree = "<group>";
		};
		80D669B71ABEB06900D8B8CE /* Products */ = {
			isa = PBXGroup;
			children = (
				80D669B61ABEB06900D8B8CE /* referralio.app */,
				80D669CE1ABEB06900D8B8CE /* referralioTests.xctest */,
			);
			name = Products;
			sourceTree = "<group>";
		};
		80D669B81ABEB06900D8B8CE /* referralio */ = {
			isa = PBXGroup;
			children = (
				802CC3981ACE606100465D88 /* Animations.swift */,
				80D669E91AC547B400D8B8CE /* AppColors.swift */,
				80D669BB1ABEB06900D8B8CE /* AppDelegate.swift */,
				80E8221B1ADB597000D85EF7 /* AppButtons.swift */,
				80F9AA6A1B0DBCDE0033BF51 /* AppFonts.swift */,
				8038B8231ADB999500FC9515 /* AppKV.swift */,
				80F9AA6C1B0F99FA0033BF51 /* AppPaddings.swift */,
				802CC3961ACA538B00465D88 /* Cells.swift */,
				80CC30C41AECC38900DFA988 /* Extensions.swift */,
				803C202F1AC7F3CF00A715A7 /* CenterViewCell.swift */,
				80D669E31AC2969F00D8B8CE /* CenterViewController.swift */,
				802CC39A1ACE66BC00465D88 /* ConstrainedViews.swift */,
				80E17DC21B0024D600CCE800 /* DoneBar.swift */,
				80F9AA6E1B0F9DD90033BF51 /* FriendsViewController.swift */,
				801976851AEA0AAA00FE8220 /* LinkedDictionary.swift */,
				80D669E71AC482D700D8B8CE /* LoginViewController.swift */,
				80D669E51AC2981E00D8B8CE /* MenuViewController.swift */,
				80228F6A1AE36E4000B9D0AC /* Models.swift */,
				809714E51AF28D9C00D313BD /* MultipleChoiceView.swift */,
				809714E71AF5A4ED00D313BD /* PhotoController.swift */,
				80F9AA701B0FA14B0033BF51 /* PreviewViewController.swift */,
				80E822191AD3068600D85EF7 /* ProfileViewController.swift */,
				80F9AA681B0C2FF80033BF51 /* ReferralViewController.swift */,
				80D669C01ABEB06900D8B8CE /* ViewController.swift */,
				80D669C51ABEB06900D8B8CE /* Images.xcassets */,
				80D669DE1ABFC32C00D8B8CE /* images */,
				80D669C71ABEB06900D8B8CE /* LaunchScreen.xib */,
				80D669BD1ABEB06900D8B8CE /* referralio.xcdatamodeld */,
				80D669B91ABEB06900D8B8CE /* Supporting Files */,
			);
			path = referralio;
			sourceTree = "<group>";
		};
		80D669B91ABEB06900D8B8CE /* Supporting Files */ = {
			isa = PBXGroup;
			children = (
				80D669BA1ABEB06900D8B8CE /* Info.plist */,
			);
			name = "Supporting Files";
			sourceTree = "<group>";
		};
		80D669D11ABEB06900D8B8CE /* referralioTests */ = {
			isa = PBXGroup;
			children = (
				80D669D41ABEB06900D8B8CE /* referralioTests.swift */,
				80D669D21ABEB06900D8B8CE /* Supporting Files */,
			);
			path = referralioTests;
			sourceTree = "<group>";
		};
		80D669D21ABEB06900D8B8CE /* Supporting Files */ = {
			isa = PBXGroup;
			children = (
				80D669D31ABEB06900D8B8CE /* Info.plist */,
			);
			name = "Supporting Files";
			sourceTree = "<group>";
		};
		80D669DE1ABFC32C00D8B8CE /* images */ = {
			isa = PBXGroup;
			children = (
				80D11DB91B01DAF600DE6B1C /* menu.png */,
				80D11DBA1B01DAF600DE6B1C /* search.png */,
				80D11DBB1B01DAF600DE6B1C /* search2.png */,
				802CC3B01ACE887C00465D88 /* clear.png */,
				806CB2941AF9CF1100923A65 /* defaultProfile.png */,
				806CB2961AF9D08000923A65 /* defaultProfile2.png */,
			);
			path = images;
			sourceTree = "<group>";
		};
/* End PBXGroup section */

/* Begin PBXNativeTarget section */
		80D669B51ABEB06900D8B8CE /* referralio */ = {
			isa = PBXNativeTarget;
			buildConfigurationList = 80D669D81ABEB06900D8B8CE /* Build configuration list for PBXNativeTarget "referralio" */;
			buildPhases = (
				80D669B21ABEB06900D8B8CE /* Sources */,
				80D669B31ABEB06900D8B8CE /* Frameworks */,
				80D669B41ABEB06900D8B8CE /* Resources */,
			);
			buildRules = (
			);
			dependencies = (
			);
			name = referralio;
			productName = referralio;
			productReference = 80D669B61ABEB06900D8B8CE /* referralio.app */;
			productType = "com.apple.product-type.application";
		};
		80D669CD1ABEB06900D8B8CE /* referralioTests */ = {
			isa = PBXNativeTarget;
			buildConfigurationList = 80D669DB1ABEB06900D8B8CE /* Build configuration list for PBXNativeTarget "referralioTests" */;
			buildPhases = (
				80D669CA1ABEB06900D8B8CE /* Sources */,
				80D669CB1ABEB06900D8B8CE /* Frameworks */,
				80D669CC1ABEB06900D8B8CE /* Resources */,
			);
			buildRules = (
			);
			dependencies = (
				80D669D01ABEB06900D8B8CE /* PBXTargetDependency */,
			);
			name = referralioTests;
			productName = referralioTests;
			productReference = 80D669CE1ABEB06900D8B8CE /* referralioTests.xctest */;
			productType = "com.apple.product-type.bundle.unit-test";
		};
/* End PBXNativeTarget section */

/* Begin PBXProject section */
		80D669AE1ABEB06900D8B8CE /* Project object */ = {
			isa = PBXProject;
			attributes = {
				LastUpgradeCheck = 0620;
				ORGANIZATIONNAME = "Kazuyuki Tanimura";
				TargetAttributes = {
					80D669B51ABEB06900D8B8CE = {
						CreatedOnToolsVersion = 6.2;
					};
					80D669CD1ABEB06900D8B8CE = {
						CreatedOnToolsVersion = 6.2;
						TestTargetID = 80D669B51ABEB06900D8B8CE;
					};
				};
			};
			buildConfigurationList = 80D669B11ABEB06900D8B8CE /* Build configuration list for PBXProject "referralio" */;
			compatibilityVersion = "Xcode 3.2";
			developmentRegion = English;
			hasScannedForEncodings = 0;
			knownRegions = (
				en,
				Base,
			);
			mainGroup = 80D669AD1ABEB06900D8B8CE;
			productRefGroup = 80D669B71ABEB06900D8B8CE /* Products */;
			projectDirPath = "";
			projectRoot = "";
			targets = (
				80D669B51ABEB06900D8B8CE /* referralio */,
				80D669CD1ABEB06900D8B8CE /* referralioTests */,
			);
		};
/* End PBXProject section */

/* Begin PBXResourcesBuildPhase section */
		80D669B41ABEB06900D8B8CE /* Resources */ = {
			isa = PBXResourcesBuildPhase;
			buildActionMask = 2147483647;
			files = (
				806CB2951AF9CF1100923A65 /* defaultProfile.png in Resources */,
				806CB2971AF9D08000923A65 /* defaultProfile2.png in Resources */,
				80D11DBE1B01DAF600DE6B1C /* search2.png in Resources */,
				80D11DBC1B01DAF600DE6B1C /* menu.png in Resources */,
				80D11DBD1B01DAF600DE6B1C /* search.png in Resources */,
				802CC3B11ACE887C00465D88 /* clear.png in Resources */,
				80D669C91ABEB06900D8B8CE /* LaunchScreen.xib in Resources */,
				80D669C61ABEB06900D8B8CE /* Images.xcassets in Resources */,
			);
			runOnlyForDeploymentPostprocessing = 0;
		};
		80D669CC1ABEB06900D8B8CE /* Resources */ = {
			isa = PBXResourcesBuildPhase;
			buildActionMask = 2147483647;
			files = (
			);
			runOnlyForDeploymentPostprocessing = 0;
		};
/* End PBXResourcesBuildPhase section */

/* Begin PBXSourcesBuildPhase section */
		80D669B21ABEB06900D8B8CE /* Sources */ = {
			isa = PBXSourcesBuildPhase;
			buildActionMask = 2147483647;
			files = (
				80D669E81AC482D700D8B8CE /* LoginViewController.swift in Sources */,
				80CC30C51AECC38900DFA988 /* Extensions.swift in Sources */,
				80F9AA6B1B0DBCDE0033BF51 /* AppFonts.swift in Sources */,
				80D669C11ABEB06900D8B8CE /* ViewController.swift in Sources */,
				80D669E61AC2981E00D8B8CE /* MenuViewController.swift in Sources */,
				80E8221C1ADB597000D85EF7 /* AppButtons.swift in Sources */,
				803C20301AC7F3CF00A715A7 /* CenterViewCell.swift in Sources */,
				802CC39B1ACE66BC00465D88 /* ConstrainedViews.swift in Sources */,
				801976861AEA0AAA00FE8220 /* LinkedDictionary.swift in Sources */,
				8038B8241ADB999500FC9515 /* AppKV.swift in Sources */,
				80E17DC31B0024D600CCE800 /* DoneBar.swift in Sources */,
				80F9AA711B0FA14B0033BF51 /* PreviewViewController.swift in Sources */,
				80F9AA6F1B0F9DD90033BF51 /* FriendsViewController.swift in Sources */,
				80228F691AE36B7D00B9D0AC /* RLMSupport.swift in Sources */,
				809714E81AF5A4ED00D313BD /* PhotoController.swift in Sources */,
				802CC3971ACA538B00465D88 /* Cells.swift in Sources */,
				80E8221A1AD3068600D85EF7 /* ProfileViewController.swift in Sources */,
				80D669E41AC2969F00D8B8CE /* CenterViewController.swift in Sources */,
				80228F6B1AE36E4000B9D0AC /* Models.swift in Sources */,
				802CC3991ACE606100465D88 /* Animations.swift in Sources */,
				80D669EA1AC547B400D8B8CE /* AppColors.swift in Sources */,
				80D669BF1ABEB06900D8B8CE /* referralio.xcdatamodeld in Sources */,
				80F9AA691B0C2FF80033BF51 /* ReferralViewController.swift in Sources */,
				809714E61AF28D9C00D313BD /* MultipleChoiceView.swift in Sources */,
				80D669BC1ABEB06900D8B8CE /* AppDelegate.swift in Sources */,
				80F9AA6D1B0F99FA0033BF51 /* AppPaddings.swift in Sources */,
			);
			runOnlyForDeploymentPostprocessing = 0;
		};
		80D669CA1ABEB06900D8B8CE /* Sources */ = {
			isa = PBXSourcesBuildPhase;
			buildActionMask = 2147483647;
			files = (
				80D669D51ABEB06900D8B8CE /* referralioTests.swift in Sources */,
			);
			runOnlyForDeploymentPostprocessing = 0;
		};
/* End PBXSourcesBuildPhase section */

/* Begin PBXTargetDependency section */
		80D669D01ABEB06900D8B8CE /* PBXTargetDependency */ = {
			isa = PBXTargetDependency;
			target = 80D669B51ABEB06900D8B8CE /* referralio */;
			targetProxy = 80D669CF1ABEB06900D8B8CE /* PBXContainerItemProxy */;
		};
/* End PBXTargetDependency section */

/* Begin PBXVariantGroup section */
		80D669C71ABEB06900D8B8CE /* LaunchScreen.xib */ = {
			isa = PBXVariantGroup;
			children = (
				80D669C81ABEB06900D8B8CE /* Base */,
			);
			name = LaunchScreen.xib;
			sourceTree = "<group>";
		};
/* End PBXVariantGroup section */

/* Begin XCBuildConfiguration section */
		80D669D61ABEB06900D8B8CE /* Debug */ = {
			isa = XCBuildConfiguration;
			buildSettings = {
				ALWAYS_SEARCH_USER_PATHS = NO;
				CLANG_CXX_LANGUAGE_STANDARD = "gnu++0x";
				CLANG_CXX_LIBRARY = "libc++";
				CLANG_ENABLE_MODULES = YES;
				CLANG_ENABLE_OBJC_ARC = YES;
				CLANG_WARN_BOOL_CONVERSION = YES;
				CLANG_WARN_CONSTANT_CONVERSION = YES;
				CLANG_WARN_DIRECT_OBJC_ISA_USAGE = YES_ERROR;
				CLANG_WARN_EMPTY_BODY = YES;
				CLANG_WARN_ENUM_CONVERSION = YES;
				CLANG_WARN_INT_CONVERSION = YES;
				CLANG_WARN_OBJC_ROOT_CLASS = YES_ERROR;
				CLANG_WARN_UNREACHABLE_CODE = YES;
				CLANG_WARN__DUPLICATE_METHOD_MATCH = YES;
				"CODE_SIGN_IDENTITY[sdk=iphoneos*]" = "iPhone Developer";
				COPY_PHASE_STRIP = NO;
				ENABLE_STRICT_OBJC_MSGSEND = YES;
				GCC_C_LANGUAGE_STANDARD = gnu99;
				GCC_DYNAMIC_NO_PIC = NO;
				GCC_OPTIMIZATION_LEVEL = 0;
				GCC_PREPROCESSOR_DEFINITIONS = (
					"DEBUG=1",
					"$(inherited)",
				);
				GCC_SYMBOLS_PRIVATE_EXTERN = NO;
				GCC_WARN_64_TO_32_BIT_CONVERSION = YES;
				GCC_WARN_ABOUT_RETURN_TYPE = YES_ERROR;
				GCC_WARN_UNDECLARED_SELECTOR = YES;
				GCC_WARN_UNINITIALIZED_AUTOS = YES_AGGRESSIVE;
				GCC_WARN_UNUSED_FUNCTION = YES;
				GCC_WARN_UNUSED_VARIABLE = YES;
				IPHONEOS_DEPLOYMENT_TARGET = 8.2;
				MTL_ENABLE_DEBUG_INFO = YES;
				ONLY_ACTIVE_ARCH = YES;
				SDKROOT = iphoneos;
				SWIFT_OPTIMIZATION_LEVEL = "-Onone";
				TARGETED_DEVICE_FAMILY = "1,2";
			};
			name = Debug;
		};
		80D669D71ABEB06900D8B8CE /* Release */ = {
			isa = XCBuildConfiguration;
			buildSettings = {
				ALWAYS_SEARCH_USER_PATHS = NO;
				CLANG_CXX_LANGUAGE_STANDARD = "gnu++0x";
				CLANG_CXX_LIBRARY = "libc++";
				CLANG_ENABLE_MODULES = YES;
				CLANG_ENABLE_OBJC_ARC = YES;
				CLANG_WARN_BOOL_CONVERSION = YES;
				CLANG_WARN_CONSTANT_CONVERSION = YES;
				CLANG_WARN_DIRECT_OBJC_ISA_USAGE = YES_ERROR;
				CLANG_WARN_EMPTY_BODY = YES;
				CLANG_WARN_ENUM_CONVERSION = YES;
				CLANG_WARN_INT_CONVERSION = YES;
				CLANG_WARN_OBJC_ROOT_CLASS = YES_ERROR;
				CLANG_WARN_UNREACHABLE_CODE = YES;
				CLANG_WARN__DUPLICATE_METHOD_MATCH = YES;
				"CODE_SIGN_IDENTITY[sdk=iphoneos*]" = "iPhone Developer";
				COPY_PHASE_STRIP = NO;
				ENABLE_NS_ASSERTIONS = NO;
				ENABLE_STRICT_OBJC_MSGSEND = YES;
				GCC_C_LANGUAGE_STANDARD = gnu99;
				GCC_WARN_64_TO_32_BIT_CONVERSION = YES;
				GCC_WARN_ABOUT_RETURN_TYPE = YES_ERROR;
				GCC_WARN_UNDECLARED_SELECTOR = YES;
				GCC_WARN_UNINITIALIZED_AUTOS = YES_AGGRESSIVE;
				GCC_WARN_UNUSED_FUNCTION = YES;
				GCC_WARN_UNUSED_VARIABLE = YES;
				IPHONEOS_DEPLOYMENT_TARGET = 8.2;
				MTL_ENABLE_DEBUG_INFO = NO;
				SDKROOT = iphoneos;
				TARGETED_DEVICE_FAMILY = "1,2";
				VALIDATE_PRODUCT = YES;
			};
			name = Release;
		};
		80D669D91ABEB06900D8B8CE /* Debug */ = {
			isa = XCBuildConfiguration;
			buildSettings = {
				ASSETCATALOG_COMPILER_APPICON_NAME = AppIcon;
				FRAMEWORK_SEARCH_PATHS = (
					"$(inherited)",
					"$(PROJECT_DIR)",
					/Users/kazuyukitanimura/Documents/FacebookSDK,
				);
				INFOPLIST_FILE = referralio/Info.plist;
				LD_RUNPATH_SEARCH_PATHS = "$(inherited) @executable_path/Frameworks";
				PRODUCT_NAME = referralio;
				TARGETED_DEVICE_FAMILY = 1;
			};
			name = Debug;
		};
		80D669DA1ABEB06900D8B8CE /* Release */ = {
			isa = XCBuildConfiguration;
			buildSettings = {
				ASSETCATALOG_COMPILER_APPICON_NAME = AppIcon;
				FRAMEWORK_SEARCH_PATHS = (
					"$(inherited)",
					"$(PROJECT_DIR)",
					/Users/kazuyukitanimura/Documents/FacebookSDK,
				);
				INFOPLIST_FILE = referralio/Info.plist;
				LD_RUNPATH_SEARCH_PATHS = "$(inherited) @executable_path/Frameworks";
				PRODUCT_NAME = referralio;
				TARGETED_DEVICE_FAMILY = 1;
			};
			name = Release;
		};
		80D669DC1ABEB06900D8B8CE /* Debug */ = {
			isa = XCBuildConfiguration;
			buildSettings = {
				BUNDLE_LOADER = "$(TEST_HOST)";
				FRAMEWORK_SEARCH_PATHS = (
					"$(SDKROOT)/Developer/Library/Frameworks",
					"$(inherited)",
				);
				GCC_PREPROCESSOR_DEFINITIONS = (
					"DEBUG=1",
					"$(inherited)",
				);
				INFOPLIST_FILE = referralioTests/Info.plist;
				LD_RUNPATH_SEARCH_PATHS = "$(inherited) @executable_path/Frameworks @loader_path/Frameworks";
				PRODUCT_NAME = referralioTests;
				TEST_HOST = "$(BUILT_PRODUCTS_DIR)/referralio.app/referralio";
			};
			name = Debug;
		};
		80D669DD1ABEB06900D8B8CE /* Release */ = {
			isa = XCBuildConfiguration;
			buildSettings = {
				BUNDLE_LOADER = "$(TEST_HOST)";
				FRAMEWORK_SEARCH_PATHS = (
					"$(SDKROOT)/Developer/Library/Frameworks",
					"$(inherited)",
				);
				INFOPLIST_FILE = referralioTests/Info.plist;
				LD_RUNPATH_SEARCH_PATHS = "$(inherited) @executable_path/Frameworks @loader_path/Frameworks";
				PRODUCT_NAME = referralioTests;
				TEST_HOST = "$(BUILT_PRODUCTS_DIR)/referralio.app/referralio";
			};
			name = Release;
		};
/* End XCBuildConfiguration section */

/* Begin XCConfigurationList section */
		80D669B11ABEB06900D8B8CE /* Build configuration list for PBXProject "referralio" */ = {
			isa = XCConfigurationList;
			buildConfigurations = (
				80D669D61ABEB06900D8B8CE /* Debug */,
				80D669D71ABEB06900D8B8CE /* Release */,
			);
			defaultConfigurationIsVisible = 0;
			defaultConfigurationName = Release;
		};
		80D669D81ABEB06900D8B8CE /* Build configuration list for PBXNativeTarget "referralio" */ = {
			isa = XCConfigurationList;
			buildConfigurations = (
				80D669D91ABEB06900D8B8CE /* Debug */,
				80D669DA1ABEB06900D8B8CE /* Release */,
			);
			defaultConfigurationIsVisible = 0;
			defaultConfigurationName = Release;
		};
		80D669DB1ABEB06900D8B8CE /* Build configuration list for PBXNativeTarget "referralioTests" */ = {
			isa = XCConfigurationList;
			buildConfigurations = (
				80D669DC1ABEB06900D8B8CE /* Debug */,
				80D669DD1ABEB06900D8B8CE /* Release */,
			);
			defaultConfigurationIsVisible = 0;
			defaultConfigurationName = Release;
		};
/* End XCConfigurationList section */

/* Begin XCVersionGroup section */
		80D669BD1ABEB06900D8B8CE /* referralio.xcdatamodeld */ = {
			isa = XCVersionGroup;
			children = (
				80D669BE1ABEB06900D8B8CE /* referralio.xcdatamodel */,
			);
			currentVersion = 80D669BE1ABEB06900D8B8CE /* referralio.xcdatamodel */;
			path = referralio.xcdatamodeld;
			sourceTree = "<group>";
			versionGroupType = wrapper.xcdatamodel;
		};
/* End XCVersionGroup section */
	};
	rootObject = 80D669AE1ABEB06900D8B8CE /* Project object */;
}
